// !$*UTF8*$!
{
	archiveVersion = 1;
	classes = {
	};
	objectVersion = 46;
	objects = {

/* Begin PBXBuildFile section */
		9CFCBDD71C2C0A440021D52A /* main.m in Sources */ = {isa = PBXBuildFile; fileRef = 9CFCBDD61C2C0A440021D52A /* main.m */; };
		9CFCBDDA1C2C0A440021D52A /* AppDelegate.m in Sources */ = {isa = PBXBuildFile; fileRef = 9CFCBDD91C2C0A440021D52A /* AppDelegate.m */; };
		9CFCBDE01C2C0A440021D52A /* Main.storyboard in Resources */ = {isa = PBXBuildFile; fileRef = 9CFCBDDE1C2C0A440021D52A /* Main.storyboard */; };
		9CFCBDE21C2C0A440021D52A /* Assets.xcassets in Resources */ = {isa = PBXBuildFile; fileRef = 9CFCBDE11C2C0A440021D52A /* Assets.xcassets */; };
		9CFCBDE51C2C0A440021D52A /* LaunchScreen.storyboard in Resources */ = {isa = PBXBuildFile; fileRef = 9CFCBDE31C2C0A440021D52A /* LaunchScreen.storyboard */; };
		9CFCBDEF1C2C0A5F0021D52A /* CLAdvanceNavigationController.m in Sources */ = {isa = PBXBuildFile; fileRef = 9CFCBDEE1C2C0A5F0021D52A /* CLAdvanceNavigationController.m */; };
		9CFCBDF41C2C0E460021D52A /* FirstViewController.m in Sources */ = {isa = PBXBuildFile; fileRef = 9CFCBDF21C2C0E460021D52A /* FirstViewController.m */; };
		9CFCBDF51C2C0E460021D52A /* FirstViewController.xib in Resources */ = {isa = PBXBuildFile; fileRef = 9CFCBDF31C2C0E460021D52A /* FirstViewController.xib */; };
		9CFCBDF91C2C0F790021D52A /* SecondViewController.m in Sources */ = {isa = PBXBuildFile; fileRef = 9CFCBDF71C2C0F790021D52A /* SecondViewController.m */; };
		9CFCBDFA1C2C0F790021D52A /* SecondViewController.xib in Resources */ = {isa = PBXBuildFile; fileRef = 9CFCBDF81C2C0F790021D52A /* SecondViewController.xib */; };
		9CFCBDFE1C2C11DF0021D52A /* ThridViewController.m in Sources */ = {isa = PBXBuildFile; fileRef = 9CFCBDFC1C2C11DF0021D52A /* ThridViewController.m */; };
		9CFCBDFF1C2C11DF0021D52A /* ThridViewController.xib in Resources */ = {isa = PBXBuildFile; fileRef = 9CFCBDFD1C2C11DF0021D52A /* ThridViewController.xib */; };
/* End PBXBuildFile section */

/* Begin PBXFileReference section */
		9CFCBDD21C2C0A440021D52A /* CLAdvanceNavigationController.app */ = {isa = PBXFileReference; explicitFileType = wrapper.application; includeInIndex = 0; path = CLAdvanceNavigationController.app; sourceTree = BUILT_PRODUCTS_DIR; };
		9CFCBDD61C2C0A440021D52A /* main.m */ = {isa = PBXFileReference; lastKnownFileType = sourcecode.c.objc; path = main.m; sourceTree = "<group>"; };
		9CFCBDD81C2C0A440021D52A /* AppDelegate.h */ = {isa = PBXFileReference; lastKnownFileType = sourcecode.c.h; path = AppDelegate.h; sourceTree = "<group>"; };
		9CFCBDD91C2C0A440021D52A /* AppDelegate.m */ = {isa = PBXFileReference; lastKnownFileType = sourcecode.c.objc; path = AppDelegate.m; sourceTree = "<group>"; };
		9CFCBDDF1C2C0A440021D52A /* Base */ = {isa = PBXFileReference; lastKnownFileType = file.storyboard; name = Base; path = Base.lproj/Main.storyboard; sourceTree = "<group>"; };
		9CFCBDE11C2C0A440021D52A /* Assets.xcassets */ = {isa = PBXFileReference; lastKnownFileType = folder.assetcatalog; path = Assets.xcassets; sourceTree = "<group>"; };
		9CFCBDE41C2C0A440021D52A /* Base */ = {isa = PBXFileReference; lastKnownFileType = file.storyboard; name = Base; path = Base.lproj/LaunchScreen.storyboard; sourceTree = "<group>"; };
		9CFCBDE61C2C0A440021D52A /* Info.plist */ = {isa = PBXFileReference; lastKnownFileType = text.plist.xml; path = Info.plist; sourceTree = "<group>"; };
		9CFCBDED1C2C0A5F0021D52A /* CLAdvanceNavigationController.h */ = {isa = PBXFileReference; fileEncoding = 4; lastKnownFileType = sourcecode.c.h; name = CLAdvanceNavigationController.h; path = CLAdvanceNavigationController/CLAdvanceNavigationController.h; sourceTree = "<group>"; };
		9CFCBDEE1C2C0A5F0021D52A /* CLAdvanceNavigationController.m */ = {isa = PBXFileReference; fileEncoding = 4; lastKnownFileType = sourcecode.c.objc; name = CLAdvanceNavigationController.m; path = CLAdvanceNavigationController/CLAdvanceNavigationController.m; sourceTree = "<group>"; };
		9CFCBDF11C2C0E460021D52A /* FirstViewController.h */ = {isa = PBXFileReference; fileEncoding = 4; lastKnownFileType = sourcecode.c.h; path = FirstViewController.h; sourceTree = "<group>"; };
		9CFCBDF21C2C0E460021D52A /* FirstViewController.m */ = {isa = PBXFileReference; fileEncoding = 4; lastKnownFileType = sourcecode.c.objc; path = FirstViewController.m; sourceTree = "<group>"; };
		9CFCBDF31C2C0E460021D52A /* FirstViewController.xib */ = {isa = PBXFileReference; fileEncoding = 4; lastKnownFileType = file.xib; path = FirstViewController.xib; sourceTree = "<group>"; };
		9CFCBDF61C2C0F790021D52A /* SecondViewController.h */ = {isa = PBXFileReference; fileEncoding = 4; lastKnownFileType = sourcecode.c.h; path = SecondViewController.h; sourceTree = "<group>"; };
		9CFCBDF71C2C0F790021D52A /* SecondViewController.m */ = {isa = PBXFileReference; fileEncoding = 4; lastKnownFileType = sourcecode.c.objc; path = SecondViewController.m; sourceTree = "<group>"; };
		9CFCBDF81C2C0F790021D52A /* SecondViewController.xib */ = {isa = PBXFileReference; fileEncoding = 4; lastKnownFileType = file.xib; path = SecondViewController.xib; sourceTree = "<group>"; };
		9CFCBDFB1C2C11DF0021D52A /* ThridViewController.h */ = {isa = PBXFileReference; fileEncoding = 4; lastKnownFileType = sourcecode.c.h; path = ThridViewController.h; sourceTree = "<group>"; };
		9CFCBDFC1C2C11DF0021D52A /* ThridViewController.m */ = {isa = PBXFileReference; fileEncoding = 4; lastKnownFileType = sourcecode.c.objc; path = ThridViewController.m; sourceTree = "<group>"; };
		9CFCBDFD1C2C11DF0021D52A /* ThridViewController.xib */ = {isa = PBXFileReference; fileEncoding = 4; lastKnownFileType = file.xib; path = ThridViewController.xib; sourceTree = "<group>"; };
/* End PBXFileReference section */

/* Begin PBXFrameworksBuildPhase section */
		9CFCBDCF1C2C0A440021D52A /* Frameworks */ = {
			isa = PBXFrameworksBuildPhase;
			buildActionMask = 2147483647;
			files = (
			);
			runOnlyForDeploymentPostprocessing = 0;
		};
/* End PBXFrameworksBuildPhase section */

/* Begin PBXGroup section */
		9CFCBDC91C2C0A440021D52A = {
			isa = PBXGroup;
			children = (
				9CFCBDD41C2C0A440021D52A /* CLAdvanceNavigationController */,
				9CFCBDD31C2C0A440021D52A /* Products */,
			);
			sourceTree = "<group>";
		};
		9CFCBDD31C2C0A440021D52A /* Products */ = {
			isa = PBXGroup;
			children = (
				9CFCBDD21C2C0A440021D52A /* CLAdvanceNavigationController.app */,
			);
			name = Products;
			sourceTree = "<group>";
		};
		9CFCBDD41C2C0A440021D52A /* CLAdvanceNavigationController */ = {
			isa = PBXGroup;
			children = (
				9CFCBDEC1C2C0A4B0021D52A /* CLAdvanceNavigationController */,
				9CFCBDF01C2C0D720021D52A /* TestViewController */,
				9CFCBDD81C2C0A440021D52A /* AppDelegate.h */,
				9CFCBDD91C2C0A440021D52A /* AppDelegate.m */,
				9CFCBDDE1C2C0A440021D52A /* Main.storyboard */,
				9CFCBDE11C2C0A440021D52A /* Assets.xcassets */,
				9CFCBDE31C2C0A440021D52A /* LaunchScreen.storyboard */,
				9CFCBDE61C2C0A440021D52A /* Info.plist */,
				9CFCBDD51C2C0A440021D52A /* Supporting Files */,
			);
			path = CLAdvanceNavigationController;
			sourceTree = "<group>";
		};
		9CFCBDD51C2C0A440021D52A /* Supporting Files */ = {
			isa = PBXGroup;
			children = (
				9CFCBDD61C2C0A440021D52A /* main.m */,
			);
			name = "Supporting Files";
			sourceTree = "<group>";
		};
		9CFCBDEC1C2C0A4B0021D52A /* CLAdvanceNavigationController */ = {
			isa = PBXGroup;
			children = (
				9CFCBDED1C2C0A5F0021D52A /* CLAdvanceNavigationController.h */,
				9CFCBDEE1C2C0A5F0021D52A /* CLAdvanceNavigationController.m */,
			);
			name = CLAdvanceNavigationController;
			sourceTree = "<group>";
		};
		9CFCBDF01C2C0D720021D52A /* TestViewController */ = {
			isa = PBXGroup;
			children = (
				9CFCBDF11C2C0E460021D52A /* FirstViewController.h */,
				9CFCBDF21C2C0E460021D52A /* FirstViewController.m */,
				9CFCBDF31C2C0E460021D52A /* FirstViewController.xib */,
				9CFCBDF61C2C0F790021D52A /* SecondViewController.h */,
				9CFCBDF71C2C0F790021D52A /* SecondViewController.m */,
				9CFCBDF81C2C0F790021D52A /* SecondViewController.xib */,
				9CFCBDFB1C2C11DF0021D52A /* ThridViewController.h */,
				9CFCBDFC1C2C11DF0021D52A /* ThridViewController.m */,
				9CFCBDFD1C2C11DF0021D52A /* ThridViewController.xib */,
			);
			name = TestViewController;
			sourceTree = "<group>";
		};
/* End PBXGroup section */

/* Begin PBXNativeTarget section */
		9CFCBDD11C2C0A440021D52A /* CLAdvanceNavigationController */ = {
			isa = PBXNativeTarget;
			buildConfigurationList = 9CFCBDE91C2C0A440021D52A /* Build configuration list for PBXNativeTarget "CLAdvanceNavigationController" */;
			buildPhases = (
				9CFCBDCE1C2C0A440021D52A /* Sources */,
				9CFCBDCF1C2C0A440021D52A /* Frameworks */,
				9CFCBDD01C2C0A440021D52A /* Resources */,
			);
			buildRules = (
			);
			dependencies = (
			);
			name = CLAdvanceNavigationController;
			productName = CLAdvanceNavigationController;
			productReference = 9CFCBDD21C2C0A440021D52A /* CLAdvanceNavigationController.app */;
			productType = "com.apple.product-type.application";
		};
/* End PBXNativeTarget section */

/* Begin PBXProject section */
		9CFCBDCA1C2C0A440021D52A /* Project object */ = {
			isa = PBXProject;
			attributes = {
				LastUpgradeCheck = 0720;
				ORGANIZATIONNAME = "李辉";
				TargetAttributes = {
					9CFCBDD11C2C0A440021D52A = {
						CreatedOnToolsVersion = 7.2;
						DevelopmentTeam = 3V778BRDYP;
					};
				};
			};
			buildConfigurationList = 9CFCBDCD1C2C0A440021D52A /* Build configuration list for PBXProject "CLAdvanceNavigationController" */;
			compatibilityVersion = "Xcode 3.2";
			developmentRegion = English;
			hasScannedForEncodings = 0;
			knownRegions = (
				en,
				Base,
			);
			mainGroup = 9CFCBDC91C2C0A440021D52A;
			productRefGroup = 9CFCBDD31C2C0A440021D52A /* Products */;
			projectDirPath = "";
			projectRoot = "";
			targets = (
				9CFCBDD11C2C0A440021D52A /* CLAdvanceNavigationController */,
			);
		};
/* End PBXProject section */

/* Begin PBXResourcesBuildPhase section */
		9CFCBDD01C2C0A440021D52A /* Resources */ = {
			isa = PBXResourcesBuildPhase;
			buildActionMask = 2147483647;
			files = (
				9CFCBDE51C2C0A440021D52A /* LaunchScreen.storyboard in Resources */,
				9CFCBDE21C2C0A440021D52A /* Assets.xcassets in Resources */,
				9CFCBDE01C2C0A440021D52A /* Main.storyboard in Resources */,
				9CFCBDF51C2C0E460021D52A /* FirstViewController.xib in Resources */,
				9CFCBDFF1C2C11DF0021D52A /* ThridViewController.xib in Resources */,
				9CFCBDFA1C2C0F790021D52A /* SecondViewController.xib in Resources */,
			);
			runOnlyForDeploymentPostprocessing = 0;
		};
/* End PBXResourcesBuildPhase section */

/* Begin PBXSourcesBuildPhase section */
		9CFCBDCE1C2C0A440021D52A /* Sources */ = {
			isa = PBXSourcesBuildPhase;
			buildActionMask = 2147483647;
			files = (
				9CFCBDFE1C2C11DF0021D52A /* ThridViewController.m in Sources */,
				9CFCBDF91C2C0F790021D52A /* SecondViewController.m in Sources */,
				9CFCBDDA1C2C0A440021D52A /* AppDelegate.m in Sources */,
				9CFCBDD71C2C0A440021D52A /* main.m in Sources */,
				9CFCBDEF1C2C0A5F0021D52A /* CLAdvanceNavigationController.m in Sources */,
				9CFCBDF41C2C0E460021D52A /* FirstViewController.m in Sources */,
			);
			runOnlyForDeploymentPostprocessing = 0;
		};
/* End PBXSourcesBuildPhase section */

/* Begin PBXVariantGroup section */
		9CFCBDDE1C2C0A440021D52A /* Main.storyboard */ = {
			isa = PBXVariantGroup;
			children = (
				9CFCBDDF1C2C0A440021D52A /* Base */,
			);
			name = Main.storyboard;
			sourceTree = "<group>";
		};
		9CFCBDE31C2C0A440021D52A /* LaunchScreen.storyboard */ = {
			isa = PBXVariantGroup;
			children = (
				9CFCBDE41C2C0A440021D52A /* Base */,
			);
			name = LaunchScreen.storyboard;
			sourceTree = "<group>";
		};
/* End PBXVariantGroup section */

/* Begin XCBuildConfiguration section */
		9CFCBDE71C2C0A440021D52A /* Debug */ = {
			isa = XCBuildConfiguration;
			buildSettings = {
				ALWAYS_SEARCH_USER_PATHS = NO;
				CLANG_CXX_LANGUAGE_STANDARD = "gnu++0x";
				CLANG_CXX_LIBRARY = "libc++";
				CLANG_ENABLE_MODULES = YES;
				CLANG_ENABLE_OBJC_ARC = YES;
				CLANG_WARN_BOOL_CONVERSION = YES;
				CLANG_WARN_CONSTANT_CONVERSION = YES;
				CLANG_WARN_DIRECT_OBJC_ISA_USAGE = YES_ERROR;
				CLANG_WARN_EMPTY_BODY = YES;
				CLANG_WARN_ENUM_CONVERSION = YES;
				CLANG_WARN_INT_CONVERSION = YES;
				CLANG_WARN_OBJC_ROOT_CLASS = YES_ERROR;
				CLANG_WARN_UNREACHABLE_CODE = YES;
				CLANG_WARN__DUPLICATE_METHOD_MATCH = YES;
				"CODE_SIGN_IDENTITY[sdk=iphoneos*]" = "iPhone Developer";
				COPY_PHASE_STRIP = NO;
				DEBUG_INFORMATION_FORMAT = dwarf;
				ENABLE_STRICT_OBJC_MSGSEND = YES;
				ENABLE_TESTABILITY = YES;
				GCC_C_LANGUAGE_STANDARD = gnu99;
				GCC_DYNAMIC_NO_PIC = NO;
				GCC_NO_COMMON_BLOCKS = YES;
				GCC_OPTIMIZATION_LEVEL = 0;
				GCC_PREPROCESSOR_DEFINITIONS = (
					"DEBUG=1",
					"$(inherited)",
				);
				GCC_WARN_64_TO_32_BIT_CONVERSION = YES;
				GCC_WARN_ABOUT_RETURN_TYPE = YES_ERROR;
				GCC_WARN_UNDECLARED_SELECTOR = YES;
				GCC_WARN_UNINITIALIZED_AUTOS = YES_AGGRESSIVE;
				GCC_WARN_UNUSED_FUNCTION = YES;
				GCC_WARN_UNUSED_VARIABLE = YES;
				IPHONEOS_DEPLOYMENT_TARGET = 9.2;
				MTL_ENABLE_DEBUG_INFO = YES;
				ONLY_ACTIVE_ARCH = YES;
				SDKROOT = iphoneos;
				TARGETED_DEVICE_FAMILY = "1,2";
			};
			name = Debug;
		};
		9CFCBDE81C2C0A440021D52A /* Release */ = {
			isa = XCBuildConfiguration;
			buildSettings = {
				ALWAYS_SEARCH_USER_PATHS = NO;
				CLANG_CXX_LANGUAGE_STANDARD = "gnu++0x";
				CLANG_CXX_LIBRARY = "libc++";
				CLANG_ENABLE_MODULES = YES;
				CLANG_ENABLE_OBJC_ARC = YES;
				CLANG_WARN_BOOL_CONVERSION = YES;
				CLANG_WARN_CONSTANT_CONVERSION = YES;
				CLANG_WARN_DIRECT_OBJC_ISA_USAGE = YES_ERROR;
				CLANG_WARN_EMPTY_BODY = YES;
				CLANG_WARN_ENUM_CONVERSION = YES;
				CLANG_WARN_INT_CONVERSION = YES;
				CLANG_WARN_OBJC_ROOT_CLASS = YES_ERROR;
				CLANG_WARN_UNREACHABLE_CODE = YES;
				CLANG_WARN__DUPLICATE_METHOD_MATCH = YES;
				"CODE_SIGN_IDENTITY[sdk=iphoneos*]" = "iPhone Developer";
				COPY_PHASE_STRIP = NO;
				DEBUG_INFORMATION_FORMAT = "dwarf-with-dsym";
				ENABLE_NS_ASSERTIONS = NO;
				ENABLE_STRICT_OBJC_MSGSEND = YES;
				GCC_C_LANGUAGE_STANDARD = gnu99;
				GCC_NO_COMMON_BLOCKS = YES;
				GCC_WARN_64_TO_32_BIT_CONVERSION = YES;
				GCC_WARN_ABOUT_RETURN_TYPE = YES_ERROR;
				GCC_WARN_UNDECLARED_SELECTOR = YES;
				GCC_WARN_UNINITIALIZED_AUTOS = YES_AGGRESSIVE;
				GCC_WARN_UNUSED_FUNCTION = YES;
				GCC_WARN_UNUSED_VARIABLE = YES;
				IPHONEOS_DEPLOYMENT_TARGET = 9.2;
				MTL_ENABLE_DEBUG_INFO = NO;
				SDKROOT = iphoneos;
				TARGETED_DEVICE_FAMILY = "1,2";
				VALIDATE_PRODUCT = YES;
			};
			name = Release;
		};
		9CFCBDEA1C2C0A440021D52A /* Debug */ = {
			isa = XCBuildConfiguration;
			buildSettings = {
				ASSETCATALOG_COMPILER_APPICON_NAME = AppIcon;
				CODE_SIGN_IDENTITY = "iPhone Developer";
				INFOPLIST_FILE = CLAdvanceNavigationController/Info.plist;
				LD_RUNPATH_SEARCH_PATHS = "$(inherited) @executable_path/Frameworks";
				PRODUCT_BUNDLE_IDENTIFIER = ChangeLee.CLAdvanceNavigationController;
				PRODUCT_NAME = "$(TARGET_NAME)";
			};
			name = Debug;
		};
		9CFCBDEB1C2C0A440021D52A /* Release */ = {
			isa = XCBuildConfiguration;
			buildSettings = {
				ASSETCATALOG_COMPILER_APPICON_NAME = AppIcon;
				CODE_SIGN_IDENTITY = "iPhone Developer";
				INFOPLIST_FILE = CLAdvanceNavigationController/Info.plist;
				LD_RUNPATH_SEARCH_PATHS = "$(inherited) @executable_path/Frameworks";
				PRODUCT_BUNDLE_IDENTIFIER = ChangeLee.CLAdvanceNavigationController;
				PRODUCT_NAME = "$(TARGET_NAME)";
			};
			name = Release;
		};
/* End XCBuildConfiguration section */

/* Begin XCConfigurationList section */
		9CFCBDCD1C2C0A440021D52A /* Build configuration list for PBXProject "CLAdvanceNavigationController" */ = {
			isa = XCConfigurationList;
			buildConfigurations = (
				9CFCBDE71C2C0A440021D52A /* Debug */,
				9CFCBDE81C2C0A440021D52A /* Release */,
			);
			defaultConfigurationIsVisible = 0;
			defaultConfigurationName = Release;
		};
		9CFCBDE91C2C0A440021D52A /* Build configuration list for PBXNativeTarget "CLAdvanceNavigationController" */ = {
			isa = XCConfigurationList;
			buildConfigurations = (
				9CFCBDEA1C2C0A440021D52A /* Debug */,
				9CFCBDEB1C2C0A440021D52A /* Release */,
			);
			defaultConfigurationIsVisible = 0;
		};
/* End XCConfigurationList section */
	};
	rootObject = 9CFCBDCA1C2C0A440021D52A /* Project object */;
}
